hash: ce925fd1e0f7078d70518e8d5db63cf363384f6ac2b89786ac1fd24eaa7ed287
updated: 2017-02-08T09:01:19.125822641-05:00
imports:
- name: github.com/beorn7/perks
  version: 4c0e84591b9aa9e6dcfdf3e020114cd81f89d5f9
  subpackages:
  - quantile
- name: github.com/btcsuitereleases/btcutil
  version: f2b1058a82554c0c7c3b8809c5956c38374604d8
  subpackages:
  - base58
- name: github.com/chihaya/chihaya
  version: 82d79e5113ebc4dec8198909d3421b4bd9416d38
  subpackages:
  - bittorrent
  - frontend
  - frontend/http
  - frontend/http/bencode
  - frontend/udp
  - frontend/udp/bytepool
  - middleware
  - pkg/stop
  - storage
  - storage/memory
- name: github.com/davecgh/go-spew
  version: 04cdfd42973bb9c8589fd6a731800cf222fde1a9
  subpackages:
  - spew
- name: github.com/FactomProject/basen
  version: fe3947df716ebfda9847eb1b9a48f9592e06478c
- name: github.com/FactomProject/bolt
  version: 7d662c5bb27d9defa01fa0563959594bb77ee62b
- name: github.com/FactomProject/btcutil
  version: 43986820ccd50b2b02b83e575cb3a39c87457482
  subpackages:
  - base58
- name: github.com/FactomProject/btcutilecc
  version: d3a63a5752ecf3fbc06bd97365da752111c263df
- name: github.com/FactomProject/ed25519
  version: 38002c4fe7b609c2fa3144a3cc29b997b756bb4c
  subpackages:
  - edwards25519
- name: github.com/FactomProject/factomd
  version: f15ba160f050c1ec86941f8f24efc0c8eebdffc1
  subpackages:
  - common/constants
  - common/interfaces
  - common/primitives
  - database/boltdb
  - database/hybridDB
  - database/leveldb
  - database/mapdb
  - log
  - util
- name: github.com/FactomProject/go-bip32
  version: 58394f75c1d04ee30972d810015f491b9c7bee02
- name: github.com/FactomProject/go-bip39
  version: f0f3797c79f21408db076e5ca64f06848c040e04
- name: github.com/FactomProject/goleveldb
  version: b882f9c7069c9730b1e7f8dd17250dabcaefa5ba
  subpackages:
  - leveldb
  - leveldb/cache
  - leveldb/comparer
  - leveldb/errors
  - leveldb/filter
  - leveldb/iterator
  - leveldb/journal
  - leveldb/memdb
  - leveldb/opt
  - leveldb/storage
  - leveldb/table
  - leveldb/util
- name: github.com/FactomProject/snappy-go
  version: fff4c573c694b1e2d5c7a9b2b72dbe947b6a4c8e
  subpackages:
  - snappy
- name: github.com/golang/protobuf
  version: 8ee79997227bf9b34611aee7946ae64735e6fd93
  subpackages:
  - proto
- name: github.com/inconshreveable/mousetrap
  version: 76626ae9c91c4f2a10f34cad8ce83ea42c93bb75
- name: github.com/julienschmidt/httprouter
  version: 8c199fb6259ffc1af525cc3ad52ee60ba8359669
- name: github.com/matttproud/golang_protobuf_extensions
  version: c12348ce28de40eed0136aa2b644d0ee0650e56c
  subpackages:
  - pbutil
- name: github.com/minio/sha256-simd
  version: e82e73b775766b9011503e80e6772fc32b9afc5b
- name: github.com/pmezard/go-difflib
  version: d8ed2627bdf02c080bf22230dbb337003b7aba2d
  subpackages:
  - difflib
- name: github.com/prometheus/client_golang
  version: c5b7fccd204277076155f10851dad72b76a49317
  subpackages:
  - prometheus
- name: github.com/prometheus/client_model
  version: fa8ad6fec33561be4280a8f0514318c79d7f6cb6
  subpackages:
  - go
- name: github.com/prometheus/common
  version: dd2f054febf4a6c00f2343686efb775948a8bff4
  subpackages:
  - expfmt
  - internal/bitbucket.org/ww/goautoneg
  - model
- name: github.com/prometheus/procfs
  version: 1878d9fbb537119d24b21ca07effd591627cd160
- name: github.com/Sirupsen/logrus
  version: 4b6ea7319e214d98c938f12692336f7ca9348d6b
  repo: git@github.com:sirupsen/logrus.git
- name: github.com/spf13/cobra
  version: 99600f6874c95daab762dc2373dc3ee1f6a48575
- name: github.com/spf13/pflag
  version: 9ff6c6923cfffbcd502984b8e0c80539a94968b7
- name: github.com/stretchr/testify
  version: 4d4bfba8f1d1027c4fdbe371823030df51419987
  subpackages:
  - assert
  - require
- name: github.com/tylerb/graceful
  version: 4654dfbb6ad53cb5e27f37d99b02e16c1872fbbb
- name: golang.org/x/crypto
  version: 5f31782cfb2b6373211f8f9fbf31283fa234b570
  subpackages:
  - pbkdf2
  - ripemd160
- name: golang.org/x/sys
  version: d75a52659825e75fff6158388dddc6a5b04f9ba5
  subpackages:
  - unix
- name: gopkg.in/gcfg.v1
  version: 27e4946190b4a327b539185f2b5b1f7c84730728
  subpackages:
  - scanner
  - token
  - types
- name: gopkg.in/warnings.v0
  version: 8a331561fe74dadba6edfc59f3be66c22c3b065d
- name: gopkg.in/yaml.v2
  version: 4c78c975fe7c825c6d1466c42be594d1d6f3aba6
testImports: []
